
Microsoft Visual Studio Solution File, Format Version 12.00
# Visual Studio Version 17
VisualStudioVersion = 17.9.34714.143
MinimumVisualStudioVersion = 10.0.40219.1
Project("{9A19103F-16F7-4668-BE54-9A1E7A4F7556}") = "ConsoleApp1", "ConsoleApp1.csproj", "{FCBA750A-241E-43F5-84B0-EBFEAD396751}"
EndProject
Project("{9A19103F-16F7-4668-BE54-9A1E7A4F7556}") = "Doubles", "..\Doubles\Doubles.csproj", "{0E6113F1-8B8A-433F-9BAD-00E2B22EFC76}"
EndProject
Project("{9A19103F-16F7-4668-BE54-9A1E7A4F7556}") = "FEMAssembly", "..\FEMAssembly\FEMAssembly.csproj", "{D3578D2A-3DB5-49BD-99B2-AB5BD0A89A16}"
EndProject
Project("{9A19103F-16F7-4668-BE54-9A1E7A4F7556}") = "myMath", "..\myMath\myMath.csproj", "{B8DB3AA1-631F-4D5C-806B-56B947712E9B}"
EndProject
Project("{9A19103F-16F7-4668-BE54-9A1E7A4F7556}") = "Mapack", "..\Mapack\Mapack.csproj", "{6D5B8418-1D13-464D-9A51-AFA30248209C}"
EndProject
Global
	GlobalSection(SolutionConfigurationPlatforms) = preSolution
		Debug|Any CPU = Debug|Any CPU
		Release|Any CPU = Release|Any CPU
	EndGlobalSection
	GlobalSection(ProjectConfigurationPlatforms) = postSolution
		{FCBA750A-241E-43F5-84B0-EBFEAD396751}.Debug|Any CPU.ActiveCfg = Debug|Any CPU
		{FCBA750A-241E-43F5-84B0-EBFEAD396751}.Debug|Any CPU.Build.0 = Debug|Any CPU
		{FCBA750A-241E-43F5-84B0-EBFEAD396751}.Release|Any CPU.ActiveCfg = Release|Any CPU
		{FCBA750A-241E-43F5-84B0-EBFEAD396751}.Release|Any CPU.Build.0 = Release|Any CPU
		{0E6113F1-8B8A-433F-9BAD-00E2B22EFC76}.Debug|Any CPU.ActiveCfg = Debug|Any CPU
		{0E6113F1-8B8A-433F-9BAD-00E2B22EFC76}.Debug|Any CPU.Build.0 = Debug|Any CPU
		{0E6113F1-8B8A-433F-9BAD-00E2B22EFC76}.Release|Any CPU.ActiveCfg = Release|Any CPU
		{0E6113F1-8B8A-433F-9BAD-00E2B22EFC76}.Release|Any CPU.Build.0 = Release|Any CPU
		{D3578D2A-3DB5-49BD-99B2-AB5BD0A89A16}.Debug|Any CPU.ActiveCfg = Debug|Any CPU
		{D3578D2A-3DB5-49BD-99B2-AB5BD0A89A16}.Debug|Any CPU.Build.0 = Debug|Any CPU
		{D3578D2A-3DB5-49BD-99B2-AB5BD0A89A16}.Release|Any CPU.ActiveCfg = Release|Any CPU
		{D3578D2A-3DB5-49BD-99B2-AB5BD0A89A16}.Release|Any CPU.Build.0 = Release|Any CPU
		{B8DB3AA1-631F-4D5C-806B-56B947712E9B}.Debug|Any CPU.ActiveCfg = Debug|Any CPU
		{B8DB3AA1-631F-4D5C-806B-56B947712E9B}.Debug|Any CPU.Build.0 = Debug|Any CPU
		{B8DB3AA1-631F-4D5C-806B-56B947712E9B}.Release|Any CPU.ActiveCfg = Release|Any CPU
		{B8DB3AA1-631F-4D5C-806B-56B947712E9B}.Release|Any CPU.Build.0 = Release|Any CPU
		{6D5B8418-1D13-464D-9A51-AFA30248209C}.Debug|Any CPU.ActiveCfg = Debug|Any CPU
		{6D5B8418-1D13-464D-9A51-AFA30248209C}.Debug|Any CPU.Build.0 = Debug|Any CPU
		{6D5B8418-1D13-464D-9A51-AFA30248209C}.Release|Any CPU.ActiveCfg = Release|Any CPU
		{6D5B8418-1D13-464D-9A51-AFA30248209C}.Release|Any CPU.Build.0 = Release|Any CPU
	EndGlobalSection
	GlobalSection(SolutionProperties) = preSolution
		HideSolutionNode = FALSE
	EndGlobalSection
	GlobalSection(ExtensibilityGlobals) = postSolution
		SolutionGuid = {92A57109-376A-4746-9C7E-1B40D719D428}
	EndGlobalSection
EndGlobal
