
Microsoft Visual Studio Solution File, Format Version 12.00
# Visual Studio Version 17
VisualStudioVersion = 17.9.34622.214
MinimumVisualStudioVersion = 10.0.40219.1
Project("{FAE04EC0-301F-11D3-BF4B-00C04F79EFBC}") = "Elements", "Elements.csproj", "{3B7BCD57-779C-431A-ADAF-2402F08A593E}"
EndProject
Global
	GlobalSection(SolutionConfigurationPlatforms) = preSolution
		Debug|Any CPU = Debug|Any CPU
		Release|Any CPU = Release|Any CPU
	EndGlobalSection
	GlobalSection(ProjectConfigurationPlatforms) = postSolution
		{3B7BCD57-779C-431A-ADAF-2402F08A593E}.Debug|Any CPU.ActiveCfg = Debug|Any CPU
		{3B7BCD57-779C-431A-ADAF-2402F08A593E}.Debug|Any CPU.Build.0 = Debug|Any CPU
		{3B7BCD57-779C-431A-ADAF-2402F08A593E}.Release|Any CPU.ActiveCfg = Release|Any CPU
		{3B7BCD57-779C-431A-ADAF-2402F08A593E}.Release|Any CPU.Build.0 = Release|Any CPU
	EndGlobalSection
	GlobalSection(SolutionProperties) = preSolution
		HideSolutionNode = FALSE
	EndGlobalSection
	GlobalSection(ExtensibilityGlobals) = postSolution
		SolutionGuid = {CFA388E4-AA1B-4B57-947C-B51CE6EC4600}
	EndGlobalSection
EndGlobal
